<?xml version="1.0" encoding="utf-8"?>
<Project ToolsVersion="4.0" xmlns="http://schemas.microsoft.com/developer/msbuild/2003">
  <ItemGroup>
    <ClCompile Include="main.cpp" />
    <ClCompile Include="move.cpp" />
    <ClCompile Include="search.cpp" />
    <ClCompile Include="threads.cpp" />
    <ClCompile Include="tt.cpp" />
    <ClCompile Include="data.cpp" />
    <ClCompile Include="eval.cpp" />
    <ClCompile Include="interface\selfplay.cpp">
      <Filter>interface</Filter>
    </ClCompile>
    <ClCompile Include="engine.cpp" />
    <ClCompile Include="test.cpp" />
    <ClCompile Include="position.cpp" />
  </ItemGroup>
  <ItemGroup>
    <Text Include="eval.txt" />
  </ItemGroup>
  <ItemGroup>
    <ClInclude Include="move.h" />
    <ClInclude Include="search.h" />
    <ClInclude Include="threads.h" />
    <ClInclude Include="time.h" />
    <ClInclude Include="tt.h" />
    <ClInclude Include="common.h" />
    <ClInclude Include="data.h" />
    <ClInclude Include="eval.h" />
    <ClInclude Include="misc.h" />
    <ClInclude Include="interface\selfplay.h">
      <Filter>interface</Filter>
    </ClInclude>
    <ClInclude Include="interface\testGUI.h">
      <Filter>interface</Filter>
    </ClInclude>
    <ClInclude Include="engine.h" />
    <ClInclude Include="test.h" />
    <ClInclude Include="position.h" />
  </ItemGroup>
  <ItemGroup>
    <Filter Include="interface">
      <UniqueIdentifier>{427ba70b-411b-4e39-bc6c-dc112fe484f3}</UniqueIdentifier>
    </Filter>
  </ItemGroup>
</Project>